{
    "_readme": [
        "This file locks the dependencies of your project to a known state",
        "Read more about it at https://getcomposer.org/doc/01-basic-usage.md#installing-dependencies",
        "This file is @generated automatically"
    ],
    "content-hash": "2017779b105858ca7d62f4b9f7352956",
    "packages": [
        {
            "name": "yahnis-elsts/plugin-update-checker",
            "version": "v4.8",
            "source": {
                "type": "git",
                "url": "https://github.com/YahnisElsts/plugin-update-checker.git",
                "reference": "8ad3ff27698473accf51470ce46679c37279fa5c"
            },
            "dist": {
                "type": "zip",
                "url": "https://api.github.com/repos/YahnisElsts/plugin-update-checker/zipball/8ad3ff27698473accf51470ce46679c37279fa5c",
                "reference": "8ad3ff27698473accf51470ce46679c37279fa5c",
                "shasum": ""
            },
            "require": {
                "php": ">=5.2.0"
            },
            "type": "library",
            "autoload": {
                "psr-0": {
                    "Puc_v4p8_": "",
                    "Puc_v4_": "",
                    "PucReadmeParser": "vendor/",
                    "Parsedown": "vendor/"
                }
            },
            "notification-url": "https://packagist.org/downloads/",
            "license": [
                "MIT"
            ],
            "authors": [
                {
                    "name": "Yahnis Elsts",
                    "email": "whiteshadow@w-shadow.com",
                    "homepage": "http://w-shadow.com/",
                    "role": "Developer"
                }
            ],
            "description": "A custom update checker for WordPress plugins and themes. Useful if you can't host your plugin in the official WP repository but still want it to support automatic updates.",
            "homepage": "https://github.com/YahnisElsts/plugin-update-checker/",
            "keywords": [
                "automatic updates",
                "plugin updates",
                "theme updates",
                "wordpress"
            ],
            "time": "2019-10-03T09:37:04+00:00"
        }
    ],
    "packages-dev": [],
    "aliases": [],
    "minimum-stability": "stable",
    "stability-flags": [],
    "prefer-stable": false,
    "prefer-lowest": false,
    "platform": [],
    "platform-dev": []
}
